
Microsoft Visual Studio Solution File, Format Version 12.00
# Visual Studio 14
VisualStudioVersion = 14.0.25420.1
MinimumVisualStudioVersion = 10.0.40219.1
Project("{FAE04EC0-301F-11D3-BF4B-00C04F79EFBC}") = "AdidasAPI", "AdidasAPI\AdidasAPI.csproj", "{3415EF8F-630F-4948-8C48-4C012267598E}"
EndProject
Project("{FAE04EC0-301F-11D3-BF4B-00C04F79EFBC}") = "UITests", "UITests\UITests.csproj", "{2C8EE96E-7410-4506-9186-DBDA9CC06DCE}"
EndProject
Global
	GlobalSection(SolutionConfigurationPlatforms) = preSolution
		Debug|Any CPU = Debug|Any CPU
		Release|Any CPU = Release|Any CPU
	EndGlobalSection
	GlobalSection(ProjectConfigurationPlatforms) = postSolution
		{3415EF8F-630F-4948-8C48-4C012267598E}.Debug|Any CPU.ActiveCfg = Debug|Any CPU
		{3415EF8F-630F-4948-8C48-4C012267598E}.Debug|Any CPU.Build.0 = Debug|Any CPU
		{3415EF8F-630F-4948-8C48-4C012267598E}.Release|Any CPU.ActiveCfg = Release|Any CPU
		{3415EF8F-630F-4948-8C48-4C012267598E}.Release|Any CPU.Build.0 = Release|Any CPU
		{2C8EE96E-7410-4506-9186-DBDA9CC06DCE}.Debug|Any CPU.ActiveCfg = Debug|Any CPU
		{2C8EE96E-7410-4506-9186-DBDA9CC06DCE}.Debug|Any CPU.Build.0 = Debug|Any CPU
		{2C8EE96E-7410-4506-9186-DBDA9CC06DCE}.Release|Any CPU.ActiveCfg = Release|Any CPU
		{2C8EE96E-7410-4506-9186-DBDA9CC06DCE}.Release|Any CPU.Build.0 = Release|Any CPU
	EndGlobalSection
	GlobalSection(SolutionProperties) = preSolution
		HideSolutionNode = FALSE
	EndGlobalSection
EndGlobal
